
Microsoft Visual Studio Solution File, Format Version 12.00
# Visual Studio Version 17
VisualStudioVersion = 17.5.33414.496
MinimumVisualStudioVersion = 10.0.40219.1
Project("{9A19103F-16F7-4668-BE54-9A1E7A4F7556}") = "MultiSystemApi", "MultiSystemApi\MultiSystemApi.csproj", "{62947F4E-F06A-498A-8616-3713E0D19971}"
EndProject
Project("{2150E333-8FDC-42A3-9474-1A3956D46DE8}") = "EssentialDomain", "EssentialDomain", "{66F8EB65-5C9A-43B5-B48E-55D38EC78A2D}"
EndProject
Project("{9A19103F-16F7-4668-BE54-9A1E7A4F7556}") = "EssentialCore", "EssentialDomain\EssentialCore\EssentialCore.csproj", "{F835022B-CC55-4B94-9D6B-AD1D9224DD87}"
EndProject
Project("{2150E333-8FDC-42A3-9474-1A3956D46DE8}") = "CommonDoman", "CommonDoman", "{852B0D48-7B71-43C7-9628-13E27C542038}"
EndProject
Project("{9A19103F-16F7-4668-BE54-9A1E7A4F7556}") = "CommonInfraestructure", "CommonDomain\CommonInfraestructure\CommonInfraestructure.csproj", "{EDC05117-D05B-4BAB-B241-CDAAEE3ED736}"
EndProject
Project("{9A19103F-16F7-4668-BE54-9A1E7A4F7556}") = "CommonApplication", "CommonDomain\CommonApplication\CommonApplication.csproj", "{9B262C03-5B41-435F-8546-AED2A6CE94B2}"
EndProject
Project("{9A19103F-16F7-4668-BE54-9A1E7A4F7556}") = "EssentialInfraestructure", "EssentialDomain\EssentialInfraestructure\EssentialInfraestructure.csproj", "{2C8239A0-BC94-4D3C-84BB-8926576475BA}"
EndProject
Project("{9A19103F-16F7-4668-BE54-9A1E7A4F7556}") = "EssentialApplication", "EssentialDomain\EssentialApplication\EssentialApplication.csproj", "{31B67D54-903F-444A-84D7-9747752B4A09}"
EndProject
Project("{9A19103F-16F7-4668-BE54-9A1E7A4F7556}") = "CommonCore", "CommonDomain\CommonCore\CommonCore.csproj", "{A4FA7C6B-24BB-469F-8FA4-0966F071361E}"
EndProject
Project("{2150E333-8FDC-42A3-9474-1A3956D46DE8}") = "ContabilidadDomain", "ContabilidadDomain", "{4614E59B-C84E-4AB1-A1D5-5956BD72E7F0}"
EndProject
Project("{FAE04EC0-301F-11D3-BF4B-00C04F79EFBC}") = "ContabilidadCore", "ContabilidadDomain\ContabilidadCore\ContabilidadCore.csproj", "{E3DB5686-96D6-4179-9F36-70921CA75E95}"
EndProject
Project("{FAE04EC0-301F-11D3-BF4B-00C04F79EFBC}") = "ContabilidadInfraestructure", "ContabilidadDomain\ContabilidadInfraestructure\ContabilidadInfraestructure.csproj", "{2CCB1650-E814-4DA7-9753-DAD656486351}"
EndProject
Project("{FAE04EC0-301F-11D3-BF4B-00C04F79EFBC}") = "ContabilidadApplication", "ContabilidadDomain\ContabilidadApplication\ContabilidadApplication.csproj", "{DC0C519C-AB5F-4BE8-9AC5-7DF0701A5959}"
EndProject
Global
	GlobalSection(SolutionConfigurationPlatforms) = preSolution
		Debug|Any CPU = Debug|Any CPU
		Release|Any CPU = Release|Any CPU
	EndGlobalSection
	GlobalSection(ProjectConfigurationPlatforms) = postSolution
		{62947F4E-F06A-498A-8616-3713E0D19971}.Debug|Any CPU.ActiveCfg = Debug|Any CPU
		{62947F4E-F06A-498A-8616-3713E0D19971}.Debug|Any CPU.Build.0 = Debug|Any CPU
		{62947F4E-F06A-498A-8616-3713E0D19971}.Release|Any CPU.ActiveCfg = Release|Any CPU
		{62947F4E-F06A-498A-8616-3713E0D19971}.Release|Any CPU.Build.0 = Release|Any CPU
		{F835022B-CC55-4B94-9D6B-AD1D9224DD87}.Debug|Any CPU.ActiveCfg = Debug|Any CPU
		{F835022B-CC55-4B94-9D6B-AD1D9224DD87}.Debug|Any CPU.Build.0 = Debug|Any CPU
		{F835022B-CC55-4B94-9D6B-AD1D9224DD87}.Release|Any CPU.ActiveCfg = Release|Any CPU
		{F835022B-CC55-4B94-9D6B-AD1D9224DD87}.Release|Any CPU.Build.0 = Release|Any CPU
		{EDC05117-D05B-4BAB-B241-CDAAEE3ED736}.Debug|Any CPU.ActiveCfg = Debug|Any CPU
		{EDC05117-D05B-4BAB-B241-CDAAEE3ED736}.Debug|Any CPU.Build.0 = Debug|Any CPU
		{EDC05117-D05B-4BAB-B241-CDAAEE3ED736}.Release|Any CPU.ActiveCfg = Release|Any CPU
		{EDC05117-D05B-4BAB-B241-CDAAEE3ED736}.Release|Any CPU.Build.0 = Release|Any CPU
		{9B262C03-5B41-435F-8546-AED2A6CE94B2}.Debug|Any CPU.ActiveCfg = Debug|Any CPU
		{9B262C03-5B41-435F-8546-AED2A6CE94B2}.Debug|Any CPU.Build.0 = Debug|Any CPU
		{9B262C03-5B41-435F-8546-AED2A6CE94B2}.Release|Any CPU.ActiveCfg = Release|Any CPU
		{9B262C03-5B41-435F-8546-AED2A6CE94B2}.Release|Any CPU.Build.0 = Release|Any CPU
		{2C8239A0-BC94-4D3C-84BB-8926576475BA}.Debug|Any CPU.ActiveCfg = Debug|Any CPU
		{2C8239A0-BC94-4D3C-84BB-8926576475BA}.Debug|Any CPU.Build.0 = Debug|Any CPU
		{2C8239A0-BC94-4D3C-84BB-8926576475BA}.Release|Any CPU.ActiveCfg = Release|Any CPU
		{2C8239A0-BC94-4D3C-84BB-8926576475BA}.Release|Any CPU.Build.0 = Release|Any CPU
		{31B67D54-903F-444A-84D7-9747752B4A09}.Debug|Any CPU.ActiveCfg = Debug|Any CPU
		{31B67D54-903F-444A-84D7-9747752B4A09}.Debug|Any CPU.Build.0 = Debug|Any CPU
		{31B67D54-903F-444A-84D7-9747752B4A09}.Release|Any CPU.ActiveCfg = Release|Any CPU
		{31B67D54-903F-444A-84D7-9747752B4A09}.Release|Any CPU.Build.0 = Release|Any CPU
		{A4FA7C6B-24BB-469F-8FA4-0966F071361E}.Debug|Any CPU.ActiveCfg = Debug|Any CPU
		{A4FA7C6B-24BB-469F-8FA4-0966F071361E}.Debug|Any CPU.Build.0 = Debug|Any CPU
		{A4FA7C6B-24BB-469F-8FA4-0966F071361E}.Release|Any CPU.ActiveCfg = Release|Any CPU
		{A4FA7C6B-24BB-469F-8FA4-0966F071361E}.Release|Any CPU.Build.0 = Release|Any CPU
		{E3DB5686-96D6-4179-9F36-70921CA75E95}.Debug|Any CPU.ActiveCfg = Debug|Any CPU
		{E3DB5686-96D6-4179-9F36-70921CA75E95}.Debug|Any CPU.Build.0 = Debug|Any CPU
		{E3DB5686-96D6-4179-9F36-70921CA75E95}.Release|Any CPU.ActiveCfg = Release|Any CPU
		{E3DB5686-96D6-4179-9F36-70921CA75E95}.Release|Any CPU.Build.0 = Release|Any CPU
		{2CCB1650-E814-4DA7-9753-DAD656486351}.Debug|Any CPU.ActiveCfg = Debug|Any CPU
		{2CCB1650-E814-4DA7-9753-DAD656486351}.Debug|Any CPU.Build.0 = Debug|Any CPU
		{2CCB1650-E814-4DA7-9753-DAD656486351}.Release|Any CPU.ActiveCfg = Release|Any CPU
		{2CCB1650-E814-4DA7-9753-DAD656486351}.Release|Any CPU.Build.0 = Release|Any CPU
		{DC0C519C-AB5F-4BE8-9AC5-7DF0701A5959}.Debug|Any CPU.ActiveCfg = Debug|Any CPU
		{DC0C519C-AB5F-4BE8-9AC5-7DF0701A5959}.Debug|Any CPU.Build.0 = Debug|Any CPU
		{DC0C519C-AB5F-4BE8-9AC5-7DF0701A5959}.Release|Any CPU.ActiveCfg = Release|Any CPU
		{DC0C519C-AB5F-4BE8-9AC5-7DF0701A5959}.Release|Any CPU.Build.0 = Release|Any CPU
	EndGlobalSection
	GlobalSection(SolutionProperties) = preSolution
		HideSolutionNode = FALSE
	EndGlobalSection
	GlobalSection(NestedProjects) = preSolution
		{F835022B-CC55-4B94-9D6B-AD1D9224DD87} = {66F8EB65-5C9A-43B5-B48E-55D38EC78A2D}
		{EDC05117-D05B-4BAB-B241-CDAAEE3ED736} = {852B0D48-7B71-43C7-9628-13E27C542038}
		{9B262C03-5B41-435F-8546-AED2A6CE94B2} = {852B0D48-7B71-43C7-9628-13E27C542038}
		{2C8239A0-BC94-4D3C-84BB-8926576475BA} = {66F8EB65-5C9A-43B5-B48E-55D38EC78A2D}
		{31B67D54-903F-444A-84D7-9747752B4A09} = {66F8EB65-5C9A-43B5-B48E-55D38EC78A2D}
		{A4FA7C6B-24BB-469F-8FA4-0966F071361E} = {852B0D48-7B71-43C7-9628-13E27C542038}
		{E3DB5686-96D6-4179-9F36-70921CA75E95} = {4614E59B-C84E-4AB1-A1D5-5956BD72E7F0}
		{2CCB1650-E814-4DA7-9753-DAD656486351} = {4614E59B-C84E-4AB1-A1D5-5956BD72E7F0}
		{DC0C519C-AB5F-4BE8-9AC5-7DF0701A5959} = {4614E59B-C84E-4AB1-A1D5-5956BD72E7F0}
	EndGlobalSection
	GlobalSection(ExtensibilityGlobals) = postSolution
		SolutionGuid = {1B85928C-3671-4A6B-92DC-8127AAF5E6AD}
	EndGlobalSection
EndGlobal
